
Microsoft Visual Studio Solution File, Format Version 12.00
# Visual Studio Version 16
VisualStudioVersion = 16.0.29409.12
MinimumVisualStudioVersion = 10.0.40219.1
Project("{2150E333-8FDC-42A3-9474-1A3956D46DE8}") = "Common", "Common", "{2B809A8C-95FC-4876-8DF0-C3E9A60239C1}"
EndProject
Project("{FAE04EC0-301F-11D3-BF4B-00C04F79EFBC}") = "SMART.WCS.Common", "Common\SMART.WCS.Common\SMART.WCS.Common.csproj", "{372A183A-873C-439D-B5A2-E95BB784A96F}"
EndProject
Project("{FAE04EC0-301F-11D3-BF4B-00C04F79EFBC}") = "SMART.WCS.Control", "Common\SMART.WCS.Control\SMART.WCS.Control.csproj", "{9BC0F5AF-053D-4891-915B-252067182433}"
EndProject
Project("{FAE04EC0-301F-11D3-BF4B-00C04F79EFBC}") = "SMART.WCS.Resource", "Common\SMART.WCS.Resource\SMART.WCS.Resource.csproj", "{E6D6DAEE-5637-4F39-9549-2166AAC6A74A}"
EndProject
Project("{2150E333-8FDC-42A3-9474-1A3956D46DE8}") = "UI", "UI", "{75295665-11CE-4915-863F-C845D463C548}"
EndProject
Project("{FAE04EC0-301F-11D3-BF4B-00C04F79EFBC}") = "SMART.WCS.Main", "UI\SMART.WCS.Main\SMART.WCS.Main.csproj", "{517038AE-71C6-4ABE-8315-D49E313506A3}"
EndProject
Project("{FAE04EC0-301F-11D3-BF4B-00C04F79EFBC}") = "SMART.WCS.UI.Common", "UI\SMART.WCS.UI.COMMON\SMART.WCS.UI.Common.csproj", "{27FB7187-B771-4CDA-A4CF-7071755359BF}"
EndProject
Project("{FAE04EC0-301F-11D3-BF4B-00C04F79EFBC}") = "SMART.WCS.UI.Optimization", "UI\SMART.WCS.UI.Optimization\SMART.WCS.UI.Optimization.csproj", "{15997862-F6EC-42F5-978B-CCD8E04AB4F6}"
EndProject
Project("{FAE04EC0-301F-11D3-BF4B-00C04F79EFBC}") = "SMART.WCS.UI.Plan", "UI\SMART.WCS.UI.Plan\SMART.WCS.UI.Plan.csproj", "{DFE1A843-4A75-4E68-B290-B0CF6DE6B69B}"
EndProject
Project("{FAE04EC0-301F-11D3-BF4B-00C04F79EFBC}") = "SMART.WCS.UI.Processing", "UI\SMART.WCS.UI.Processing\SMART.WCS.UI.Processing.csproj", "{AB504714-8DA9-4C7D-8F14-85EE7EDA60BB}"
EndProject
Project("{FAE04EC0-301F-11D3-BF4B-00C04F79EFBC}") = "SMART.WCS.UI.Analysis", "UI\SMART.WCS.UI.Analysis\SMART.WCS.UI.Analysis.csproj", "{E9B6BCAC-EEEA-4FA8-B32C-B54F77A913BB}"
EndProject
Project("{FAE04EC0-301F-11D3-BF4B-00C04F79EFBC}") = "SMART.WCS.MsgBox", "Common\SMART.WCS.MsgBox\SMART.WCS.MsgBox.csproj", "{64249752-B59F-4E81-87F3-0B493F5AF326}"
EndProject
Project("{FAE04EC0-301F-11D3-BF4B-00C04F79EFBC}") = "SMART.WCS.UI.Monitoring", "UI\SMART.WCS.UI.Monitoring\SMART.WCS.UI.Monitoring.csproj", "{59C12706-8DE2-44EF-8F2B-8C7BBD0C5235}"
EndProject
Project("{2150E333-8FDC-42A3-9474-1A3956D46DE8}") = "Common_Etc", "Common_Etc", "{5CBF0013-54E4-4AF0-9E6B-4F9D3FF4BF45}"
EndProject
Project("{FAE04EC0-301F-11D3-BF4B-00C04F79EFBC}") = "SMART.WCS.Library", "Common\SMART.WCS.Library\SMART.WCS.Library.csproj", "{BD92D680-A945-4B14-BCA1-ABC5E6C87357}"
EndProject
Project("{2150E333-8FDC-42A3-9474-1A3956D46DE8}") = "Kiosk", "Kiosk", "{E2F34FC2-2477-4EC5-991C-820F0D1C3A2F}"
EndProject
Project("{FAE04EC0-301F-11D3-BF4B-00C04F79EFBC}") = "SMART.WCS.Kiosk", "Kiosk\SMART.WCS.Kiosk\SMART.WCS.Kiosk.csproj", "{4E94F1DA-0D22-49CA-885A-5DAD38859FA8}"
EndProject
Project("{FAE04EC0-301F-11D3-BF4B-00C04F79EFBC}") = "SMART.WCS.Kiosk.Lib", "Kiosk\SMART.WCS.Kiosk.Lib\SMART.WCS.Kiosk.Lib.csproj", "{051854A4-EFC6-44DA-BCE1-50ABF8E8F094}"
EndProject
Project("{FAE04EC0-301F-11D3-BF4B-00C04F79EFBC}") = "SMART.WCS.UI.EMS", "UI\SMART.WCS.UI.EMS\SMART.WCS.UI.EMS.csproj", "{16F61D48-41E9-4CDB-AE04-7DF377B52A2D}"
	ProjectSection(ProjectDependencies) = postProject
		{9BC0F5AF-053D-4891-915B-252067182433} = {9BC0F5AF-053D-4891-915B-252067182433}
	EndProjectSection
EndProject
Project("{2150E333-8FDC-42A3-9474-1A3956D46DE8}") = "Template", "Template", "{1F24AA58-F6D4-42BA-9A2F-39605431A84A}"
EndProject
Project("{FAE04EC0-301F-11D3-BF4B-00C04F79EFBC}") = "SMART.WCS.StatusBoard", "Template\SMART.WCS.StatusBoard\SMART.WCS.StatusBoard.csproj", "{3878E3D9-1CF4-4287-81ED-F9571634BADC}"
EndProject
Project("{FAE04EC0-301F-11D3-BF4B-00C04F79EFBC}") = "SMART.WCS.Common_Etc", "Common\SMART.WCS.Common_Etc\SMART.WCS.Common_Etc.csproj", "{6537969F-7A80-4BE3-B3C4-585C3289DB2B}"
EndProject
Global
	GlobalSection(SolutionConfigurationPlatforms) = preSolution
		Debug|Any CPU = Debug|Any CPU
		Release|Any CPU = Release|Any CPU
	EndGlobalSection
	GlobalSection(ProjectConfigurationPlatforms) = postSolution
		{372A183A-873C-439D-B5A2-E95BB784A96F}.Debug|Any CPU.ActiveCfg = Debug|Any CPU
		{372A183A-873C-439D-B5A2-E95BB784A96F}.Debug|Any CPU.Build.0 = Debug|Any CPU
		{372A183A-873C-439D-B5A2-E95BB784A96F}.Release|Any CPU.ActiveCfg = Release|Any CPU
		{372A183A-873C-439D-B5A2-E95BB784A96F}.Release|Any CPU.Build.0 = Release|Any CPU
		{9BC0F5AF-053D-4891-915B-252067182433}.Debug|Any CPU.ActiveCfg = Debug|Any CPU
		{9BC0F5AF-053D-4891-915B-252067182433}.Debug|Any CPU.Build.0 = Debug|Any CPU
		{9BC0F5AF-053D-4891-915B-252067182433}.Release|Any CPU.ActiveCfg = Release|Any CPU
		{9BC0F5AF-053D-4891-915B-252067182433}.Release|Any CPU.Build.0 = Release|Any CPU
		{E6D6DAEE-5637-4F39-9549-2166AAC6A74A}.Debug|Any CPU.ActiveCfg = Debug|Any CPU
		{E6D6DAEE-5637-4F39-9549-2166AAC6A74A}.Debug|Any CPU.Build.0 = Debug|Any CPU
		{E6D6DAEE-5637-4F39-9549-2166AAC6A74A}.Release|Any CPU.ActiveCfg = Release|Any CPU
		{E6D6DAEE-5637-4F39-9549-2166AAC6A74A}.Release|Any CPU.Build.0 = Release|Any CPU
		{517038AE-71C6-4ABE-8315-D49E313506A3}.Debug|Any CPU.ActiveCfg = Debug|Any CPU
		{517038AE-71C6-4ABE-8315-D49E313506A3}.Debug|Any CPU.Build.0 = Debug|Any CPU
		{517038AE-71C6-4ABE-8315-D49E313506A3}.Release|Any CPU.ActiveCfg = Release|Any CPU
		{517038AE-71C6-4ABE-8315-D49E313506A3}.Release|Any CPU.Build.0 = Release|Any CPU
		{27FB7187-B771-4CDA-A4CF-7071755359BF}.Debug|Any CPU.ActiveCfg = Debug|Any CPU
		{27FB7187-B771-4CDA-A4CF-7071755359BF}.Debug|Any CPU.Build.0 = Debug|Any CPU
		{27FB7187-B771-4CDA-A4CF-7071755359BF}.Release|Any CPU.ActiveCfg = Release|Any CPU
		{27FB7187-B771-4CDA-A4CF-7071755359BF}.Release|Any CPU.Build.0 = Release|Any CPU
		{15997862-F6EC-42F5-978B-CCD8E04AB4F6}.Debug|Any CPU.ActiveCfg = Debug|Any CPU
		{15997862-F6EC-42F5-978B-CCD8E04AB4F6}.Debug|Any CPU.Build.0 = Debug|Any CPU
		{15997862-F6EC-42F5-978B-CCD8E04AB4F6}.Release|Any CPU.ActiveCfg = Release|Any CPU
		{15997862-F6EC-42F5-978B-CCD8E04AB4F6}.Release|Any CPU.Build.0 = Release|Any CPU
		{DFE1A843-4A75-4E68-B290-B0CF6DE6B69B}.Debug|Any CPU.ActiveCfg = Debug|Any CPU
		{DFE1A843-4A75-4E68-B290-B0CF6DE6B69B}.Debug|Any CPU.Build.0 = Debug|Any CPU
		{DFE1A843-4A75-4E68-B290-B0CF6DE6B69B}.Release|Any CPU.ActiveCfg = Release|Any CPU
		{DFE1A843-4A75-4E68-B290-B0CF6DE6B69B}.Release|Any CPU.Build.0 = Release|Any CPU
		{AB504714-8DA9-4C7D-8F14-85EE7EDA60BB}.Debug|Any CPU.ActiveCfg = Debug|Any CPU
		{AB504714-8DA9-4C7D-8F14-85EE7EDA60BB}.Debug|Any CPU.Build.0 = Debug|Any CPU
		{AB504714-8DA9-4C7D-8F14-85EE7EDA60BB}.Release|Any CPU.ActiveCfg = Release|Any CPU
		{AB504714-8DA9-4C7D-8F14-85EE7EDA60BB}.Release|Any CPU.Build.0 = Release|Any CPU
		{E9B6BCAC-EEEA-4FA8-B32C-B54F77A913BB}.Debug|Any CPU.ActiveCfg = Debug|Any CPU
		{E9B6BCAC-EEEA-4FA8-B32C-B54F77A913BB}.Debug|Any CPU.Build.0 = Debug|Any CPU
		{E9B6BCAC-EEEA-4FA8-B32C-B54F77A913BB}.Release|Any CPU.ActiveCfg = Release|Any CPU
		{E9B6BCAC-EEEA-4FA8-B32C-B54F77A913BB}.Release|Any CPU.Build.0 = Release|Any CPU
		{64249752-B59F-4E81-87F3-0B493F5AF326}.Debug|Any CPU.ActiveCfg = Debug|Any CPU
		{64249752-B59F-4E81-87F3-0B493F5AF326}.Debug|Any CPU.Build.0 = Debug|Any CPU
		{64249752-B59F-4E81-87F3-0B493F5AF326}.Release|Any CPU.ActiveCfg = Release|Any CPU
		{64249752-B59F-4E81-87F3-0B493F5AF326}.Release|Any CPU.Build.0 = Release|Any CPU
		{59C12706-8DE2-44EF-8F2B-8C7BBD0C5235}.Debug|Any CPU.ActiveCfg = Debug|Any CPU
		{59C12706-8DE2-44EF-8F2B-8C7BBD0C5235}.Debug|Any CPU.Build.0 = Debug|Any CPU
		{59C12706-8DE2-44EF-8F2B-8C7BBD0C5235}.Release|Any CPU.ActiveCfg = Release|Any CPU
		{59C12706-8DE2-44EF-8F2B-8C7BBD0C5235}.Release|Any CPU.Build.0 = Release|Any CPU
		{BD92D680-A945-4B14-BCA1-ABC5E6C87357}.Debug|Any CPU.ActiveCfg = Debug|Any CPU
		{BD92D680-A945-4B14-BCA1-ABC5E6C87357}.Release|Any CPU.ActiveCfg = Release|Any CPU
		{4E94F1DA-0D22-49CA-885A-5DAD38859FA8}.Debug|Any CPU.ActiveCfg = Debug|Any CPU
		{4E94F1DA-0D22-49CA-885A-5DAD38859FA8}.Debug|Any CPU.Build.0 = Debug|Any CPU
		{4E94F1DA-0D22-49CA-885A-5DAD38859FA8}.Release|Any CPU.ActiveCfg = Release|Any CPU
		{4E94F1DA-0D22-49CA-885A-5DAD38859FA8}.Release|Any CPU.Build.0 = Release|Any CPU
		{051854A4-EFC6-44DA-BCE1-50ABF8E8F094}.Debug|Any CPU.ActiveCfg = Debug|Any CPU
		{051854A4-EFC6-44DA-BCE1-50ABF8E8F094}.Debug|Any CPU.Build.0 = Debug|Any CPU
		{051854A4-EFC6-44DA-BCE1-50ABF8E8F094}.Release|Any CPU.ActiveCfg = Release|Any CPU
		{051854A4-EFC6-44DA-BCE1-50ABF8E8F094}.Release|Any CPU.Build.0 = Release|Any CPU
		{16F61D48-41E9-4CDB-AE04-7DF377B52A2D}.Debug|Any CPU.ActiveCfg = Debug|Any CPU
		{16F61D48-41E9-4CDB-AE04-7DF377B52A2D}.Debug|Any CPU.Build.0 = Debug|Any CPU
		{16F61D48-41E9-4CDB-AE04-7DF377B52A2D}.Release|Any CPU.ActiveCfg = Release|Any CPU
		{16F61D48-41E9-4CDB-AE04-7DF377B52A2D}.Release|Any CPU.Build.0 = Release|Any CPU
		{3878E3D9-1CF4-4287-81ED-F9571634BADC}.Debug|Any CPU.ActiveCfg = Debug|Any CPU
		{3878E3D9-1CF4-4287-81ED-F9571634BADC}.Debug|Any CPU.Build.0 = Debug|Any CPU
		{3878E3D9-1CF4-4287-81ED-F9571634BADC}.Release|Any CPU.ActiveCfg = Release|Any CPU
		{3878E3D9-1CF4-4287-81ED-F9571634BADC}.Release|Any CPU.Build.0 = Release|Any CPU
		{6537969F-7A80-4BE3-B3C4-585C3289DB2B}.Debug|Any CPU.ActiveCfg = Debug|Any CPU
		{6537969F-7A80-4BE3-B3C4-585C3289DB2B}.Release|Any CPU.ActiveCfg = Release|Any CPU
		{6537969F-7A80-4BE3-B3C4-585C3289DB2B}.Release|Any CPU.Build.0 = Release|Any CPU
	EndGlobalSection
	GlobalSection(SolutionProperties) = preSolution
		HideSolutionNode = FALSE
	EndGlobalSection
	GlobalSection(NestedProjects) = preSolution
		{372A183A-873C-439D-B5A2-E95BB784A96F} = {2B809A8C-95FC-4876-8DF0-C3E9A60239C1}
		{9BC0F5AF-053D-4891-915B-252067182433} = {2B809A8C-95FC-4876-8DF0-C3E9A60239C1}
		{E6D6DAEE-5637-4F39-9549-2166AAC6A74A} = {2B809A8C-95FC-4876-8DF0-C3E9A60239C1}
		{517038AE-71C6-4ABE-8315-D49E313506A3} = {75295665-11CE-4915-863F-C845D463C548}
		{27FB7187-B771-4CDA-A4CF-7071755359BF} = {75295665-11CE-4915-863F-C845D463C548}
		{15997862-F6EC-42F5-978B-CCD8E04AB4F6} = {75295665-11CE-4915-863F-C845D463C548}
		{DFE1A843-4A75-4E68-B290-B0CF6DE6B69B} = {75295665-11CE-4915-863F-C845D463C548}
		{AB504714-8DA9-4C7D-8F14-85EE7EDA60BB} = {75295665-11CE-4915-863F-C845D463C548}
		{E9B6BCAC-EEEA-4FA8-B32C-B54F77A913BB} = {75295665-11CE-4915-863F-C845D463C548}
		{64249752-B59F-4E81-87F3-0B493F5AF326} = {2B809A8C-95FC-4876-8DF0-C3E9A60239C1}
		{59C12706-8DE2-44EF-8F2B-8C7BBD0C5235} = {75295665-11CE-4915-863F-C845D463C548}
		{BD92D680-A945-4B14-BCA1-ABC5E6C87357} = {2B809A8C-95FC-4876-8DF0-C3E9A60239C1}
		{4E94F1DA-0D22-49CA-885A-5DAD38859FA8} = {E2F34FC2-2477-4EC5-991C-820F0D1C3A2F}
		{051854A4-EFC6-44DA-BCE1-50ABF8E8F094} = {E2F34FC2-2477-4EC5-991C-820F0D1C3A2F}
		{16F61D48-41E9-4CDB-AE04-7DF377B52A2D} = {75295665-11CE-4915-863F-C845D463C548}
		{3878E3D9-1CF4-4287-81ED-F9571634BADC} = {1F24AA58-F6D4-42BA-9A2F-39605431A84A}
		{6537969F-7A80-4BE3-B3C4-585C3289DB2B} = {2B809A8C-95FC-4876-8DF0-C3E9A60239C1}
	EndGlobalSection
	GlobalSection(ExtensibilityGlobals) = postSolution
		SolutionGuid = {F87C2E03-1253-49B6-A75F-69BCB753E741}
	EndGlobalSection
EndGlobal
